
Microsoft Visual Studio Solution File, Format Version 12.00
# Visual Studio Version 17
VisualStudioVersion = 17.6.33829.357
MinimumVisualStudioVersion = 10.0.40219.1
Project("{FAE04EC0-301F-11D3-BF4B-00C04F79EFBC}") = "PhoneBook", "PhoneBook\PhoneBook.csproj", "{CE1B1AA2-032F-4720-AB54-A71131E85786}"
EndProject
Global
	GlobalSection(SolutionConfigurationPlatforms) = preSolution
		Debug|Any CPU = Debug|Any CPU
		Release|Any CPU = Release|Any CPU
	EndGlobalSection
	GlobalSection(ProjectConfigurationPlatforms) = postSolution
		{CE1B1AA2-032F-4720-AB54-A71131E85786}.Debug|Any CPU.ActiveCfg = Debug|Any CPU
		{CE1B1AA2-032F-4720-AB54-A71131E85786}.Debug|Any CPU.Build.0 = Debug|Any CPU
		{CE1B1AA2-032F-4720-AB54-A71131E85786}.Release|Any CPU.ActiveCfg = Release|Any CPU
		{CE1B1AA2-032F-4720-AB54-A71131E85786}.Release|Any CPU.Build.0 = Release|Any CPU
	EndGlobalSection
	GlobalSection(SolutionProperties) = preSolution
		HideSolutionNode = FALSE
	EndGlobalSection
	GlobalSection(ExtensibilityGlobals) = postSolution
		SolutionGuid = {455E1C2E-60E2-4083-821A-8704105A6FE7}
	EndGlobalSection
EndGlobal
